# THIS IS AN AUTOGENERATED FILE. DO NOT EDIT THIS FILE DIRECTLY.
# yarn lockfile v1


"@types/emscripten@*":
  version "1.39.6"
  resolved "https://registry.npmmirror.com/@types/emscripten/-/emscripten-1.39.6.tgz"
  integrity sha512-H90aoynNhhkQP6DRweEjJp5vfUVdIj7tdPLsu7pq89vODD/lcugKfZOsfgwpvM6XUewEp2N5dCg1Uf3Qe55Dcg==

"@types/node@*":
  version "15.12.4"
  resolved "https://registry.npmmirror.com/@types/node/download/@types/node-15.12.4.tgz"
  integrity sha1-4c+BfXCh4RjoGSLE/2aDzp1CLiY=

"@types/node@20.16.0":
  version "20.16.0"
  resolved "https://registry.npmmirror.com/@types/node/-/node-20.16.0.tgz#02e5cd414f76bf345874ee65a1e5590d755d894f"
  integrity sha512-vDxceJcoZhIVh67S568bm1UGZO0DX0hpplJZxzeXMKwIPLn190ec5RRxQ69BKhX44SUGIxxgMdDY557lGLKprQ==
  dependencies:
    undici-types "~6.19.2"

"@types/sql.js@^1.4.9":
  version "1.4.9"
  resolved "https://registry.npmmirror.com/@types/sql.js/-/sql.js-1.4.9.tgz#31d2bed39aa63e56ada7a4469aa6f19ee2c74b94"
  integrity sha512-ep8b36RKHlgWPqjNG9ToUrPiwkhwh0AEzy883mO5Xnd+cL6VBH1EvSjBAAuxLUFF2Vn/moE3Me6v9E1Lo+48GQ==
  dependencies:
    "@types/emscripten" "*"
    "@types/node" "*"

throttle-debounce@^3.0.1:
  version "3.0.1"
  resolved "https://registry.npmmirror.com/throttle-debounce/-/throttle-debounce-3.0.1.tgz#32f94d84dfa894f786c9a1f290e7a645b6a19abb"
  integrity sha512-dTEWWNu6JmeVXY0ZYoPuH5cRIwc0MeGbJwah9KUNYSJwommQpCzTySTpEe8Gs1J23aeWEuAobe4Ag7EHVt/LOg==

typescript@^5.3.3:
  version "5.7.2"
  resolved "https://registry.npmmirror.com/typescript/-/typescript-5.7.2.tgz#3169cf8c4c8a828cde53ba9ecb3d2b1d5dd67be6"
  integrity sha512-i5t66RHxDvVN40HfDd1PsEThGNnlMCMT3jMUuoh9/0TaqWevNontacunWyN02LA9/fIbEWlcHZcgTKb9QoaLfg==

undici-types@~6.19.2:
  version "6.19.8"
  resolved "https://registry.npmmirror.com/undici-types/-/undici-types-6.19.8.tgz#35111c9d1437ab83a7cdc0abae2f26d88eda0a02"
  integrity sha512-ve2KP6f/JnbPBFyobGHuerC9g1FYGn/F8n1LWTwNxCEzd6IfqTwUQcNXgEtmmQ6DlRrC1hrSrBnCZPokRrDHjw==

utools-api-types@^6.0.0:
  version "6.0.0"
  resolved "https://registry.npmmirror.com/utools-api-types/-/utools-api-types-6.0.0.tgz#64217185c7440460b24b33c5f4b7a7d9ae82d006"
  integrity sha512-bGztq7ZA9tCmkfSMfpYtAWnW33yceIWn8xPS9RnQZfYE53gs5ysBanHn7tj92y4VPzMl9ACGA01YHMUahHP0gw==

utools-helper@^2.2.0:
  version "2.2.0"
  resolved "https://registry.npmmirror.com/utools-helper/-/utools-helper-2.2.0.tgz#212925d33f65c8f19fd70353c0a4677090a74eea"
  integrity sha512-EnyxkRg35ajuK4GglxuL+bFUAwGv7gRZdnsC2zg5m4stFlxc7S+i5boLkA3IIiOKvBKvFi94BA+bLrnJ1x6saA==
  dependencies:
    throttle-debounce "^3.0.1"
